// !$*UTF8*$!
{
	archiveVersion = 1;
	classes = {
	};
	objectVersion = 46;
	objects = {

/* Begin PBXBuildFile section */
		9FEB041B1C96FFBB0068A507 /* AppDelegate.swift in Sources */ = {isa = PBXBuildFile; fileRef = 9FEB041A1C96FFBB0068A507 /* AppDelegate.swift */; };
		9FEB041D1C96FFBB0068A507 /* ViewController.swift in Sources */ = {isa = PBXBuildFile; fileRef = 9FEB041C1C96FFBB0068A507 /* ViewController.swift */; };
		9FEB04201C96FFBB0068A507 /* Main.storyboard in Resources */ = {isa = PBXBuildFile; fileRef = 9FEB041E1C96FFBB0068A507 /* Main.storyboard */; };
		9FEB04221C96FFBB0068A507 /* Assets.xcassets in Resources */ = {isa = PBXBuildFile; fileRef = 9FEB04211C96FFBB0068A507 /* Assets.xcassets */; };
		9FEB04251C96FFBB0068A507 /* LaunchScreen.storyboard in Resources */ = {isa = PBXBuildFile; fileRef = 9FEB04231C96FFBB0068A507 /* LaunchScreen.storyboard */; };
/* End PBXBuildFile section */

/* Begin PBXFileReference section */
		9FEB04171C96FFBB0068A507 /* JLNotificationBanner-Swift.app */ = {isa = PBXFileReference; explicitFileType = wrapper.application; includeInIndex = 0; path = "JLNotificationBanner-Swift.app"; sourceTree = BUILT_PRODUCTS_DIR; };
		9FEB041A1C96FFBB0068A507 /* AppDelegate.swift */ = {isa = PBXFileReference; lastKnownFileType = sourcecode.swift; path = AppDelegate.swift; sourceTree = "<group>"; };
		9FEB041C1C96FFBB0068A507 /* ViewController.swift */ = {isa = PBXFileReference; lastKnownFileType = sourcecode.swift; path = ViewController.swift; sourceTree = "<group>"; };
		9FEB041F1C96FFBB0068A507 /* Base */ = {isa = PBXFileReference; lastKnownFileType = file.storyboard; name = Base; path = Base.lproj/Main.storyboard; sourceTree = "<group>"; };
		9FEB04211C96FFBB0068A507 /* Assets.xcassets */ = {isa = PBXFileReference; lastKnownFileType = folder.assetcatalog; path = Assets.xcassets; sourceTree = "<group>"; };
		9FEB04241C96FFBB0068A507 /* Base */ = {isa = PBXFileReference; lastKnownFileType = file.storyboard; name = Base; path = Base.lproj/LaunchScreen.storyboard; sourceTree = "<group>"; };
		9FEB04261C96FFBB0068A507 /* Info.plist */ = {isa = PBXFileReference; lastKnownFileType = text.plist.xml; path = Info.plist; sourceTree = "<group>"; };
/* End PBXFileReference section */

/* Begin PBXFrameworksBuildPhase section */
		9FEB04141C96FFBB0068A507 /* Frameworks */ = {
			isa = PBXFrameworksBuildPhase;
			buildActionMask = 2147483647;
			files = (
			);
			runOnlyForDeploymentPostprocessing = 0;
		};
/* End PBXFrameworksBuildPhase section */

/* Begin PBXGroup section */
		9FEB040E1C96FFBB0068A507 = {
			isa = PBXGroup;
			children = (
				9FEB04191C96FFBB0068A507 /* JLNotificationBanner-Swift */,
				9FEB04181C96FFBB0068A507 /* Products */,
			);
			sourceTree = "<group>";
		};
		9FEB04181C96FFBB0068A507 /* Products */ = {
			isa = PBXGroup;
			children = (
				9FEB04171C96FFBB0068A507 /* JLNotificationBanner-Swift.app */,
			);
			name = Products;
			sourceTree = "<group>";
		};
		9FEB04191C96FFBB0068A507 /* JLNotificationBanner-Swift */ = {
			isa = PBXGroup;
			children = (
				9FEB041A1C96FFBB0068A507 /* AppDelegate.swift */,
				9FEB041C1C96FFBB0068A507 /* ViewController.swift */,
				9FEB041E1C96FFBB0068A507 /* Main.storyboard */,
				9FEB04211C96FFBB0068A507 /* Assets.xcassets */,
				9FEB04231C96FFBB0068A507 /* LaunchScreen.storyboard */,
				9FEB04261C96FFBB0068A507 /* Info.plist */,
			);
			path = "JLNotificationBanner-Swift";
			sourceTree = "<group>";
		};
/* End PBXGroup section */

/* Begin PBXNativeTarget section */
		9FEB04161C96FFBB0068A507 /* JLNotificationBanner-Swift */ = {
			isa = PBXNativeTarget;
			buildConfigurationList = 9FEB04291C96FFBB0068A507 /* Build configuration list for PBXNativeTarget "JLNotificationBanner-Swift" */;
			buildPhases = (
				9FEB04131C96FFBB0068A507 /* Sources */,
				9FEB04141C96FFBB0068A507 /* Frameworks */,
				9FEB04151C96FFBB0068A507 /* Resources */,
			);
			buildRules = (
			);
			dependencies = (
			);
			name = "JLNotificationBanner-Swift";
			productName = "JLNotificationBanner-Swift";
			productReference = 9FEB04171C96FFBB0068A507 /* JLNotificationBanner-Swift.app */;
			productType = "com.apple.product-type.application";
		};
/* End PBXNativeTarget section */

/* Begin PBXProject section */
		9FEB040F1C96FFBB0068A507 /* Project object */ = {
			isa = PBXProject;
			attributes = {
				LastSwiftUpdateCheck = 0720;
				LastUpgradeCheck = 0720;
				ORGANIZATIONNAME = "Jared LaSante";
				TargetAttributes = {
					9FEB04161C96FFBB0068A507 = {
						CreatedOnToolsVersion = 7.2.1;
					};
				};
			};
			buildConfigurationList = 9FEB04121C96FFBB0068A507 /* Build configuration list for PBXProject "JLNotificationBanner-Swift" */;
			compatibilityVersion = "Xcode 3.2";
			developmentRegion = English;
			hasScannedForEncodings = 0;
			knownRegions = (
				en,
				Base,
			);
			mainGroup = 9FEB040E1C96FFBB0068A507;
			productRefGroup = 9FEB04181C96FFBB0068A507 /* Products */;
			projectDirPath = "";
			projectRoot = "";
			targets = (
				9FEB04161C96FFBB0068A507 /* JLNotificationBanner-Swift */,
			);
		};
/* End PBXProject section */

/* Begin PBXResourcesBuildPhase section */
		9FEB04151C96FFBB0068A507 /* Resources */ = {
			isa = PBXResourcesBuildPhase;
			buildActionMask = 2147483647;
			files = (
				9FEB04251C96FFBB0068A507 /* LaunchScreen.storyboard in Resources */,
				9FEB04221C96FFBB0068A507 /* Assets.xcassets in Resources */,
				9FEB04201C96FFBB0068A507 /* Main.storyboard in Resources */,
			);
			runOnlyForDeploymentPostprocessing = 0;
		};
/* End PBXResourcesBuildPhase section */

/* Begin PBXSourcesBuildPhase section */
		9FEB04131C96FFBB0068A507 /* Sources */ = {
			isa = PBXSourcesBuildPhase;
			buildActionMask = 2147483647;
			files = (
				9FEB041D1C96FFBB0068A507 /* ViewController.swift in Sources */,
				9FEB041B1C96FFBB0068A507 /* AppDelegate.swift in Sources */,
			);
			runOnlyForDeploymentPostprocessing = 0;
		};
/* End PBXSourcesBuildPhase section */

/* Begin PBXVariantGroup section */
		9FEB041E1C96FFBB0068A507 /* Main.storyboard */ = {
			isa = PBXVariantGroup;
			children = (
				9FEB041F1C96FFBB0068A507 /* Base */,
			);
			name = Main.storyboard;
			sourceTree = "<group>";
		};
		9FEB04231C96FFBB0068A507 /* LaunchScreen.storyboard */ = {
			isa = PBXVariantGroup;
			children = (
				9FEB04241C96FFBB0068A507 /* Base */,
			);
			name = LaunchScreen.storyboard;
			sourceTree = "<group>";
		};
/* End PBXVariantGroup section */

/* Begin XCBuildConfiguration section */
		9FEB04271C96FFBB0068A507 /* Debug */ = {
			isa = XCBuildConfiguration;
			buildSettings = {
				ALWAYS_SEARCH_USER_PATHS = NO;
				CLANG_CXX_LANGUAGE_STANDARD = "gnu++0x";
				CLANG_CXX_LIBRARY = "libc++";
				CLANG_ENABLE_MODULES = YES;
				CLANG_ENABLE_OBJC_ARC = YES;
				CLANG_WARN_BOOL_CONVERSION = YES;
				CLANG_WARN_CONSTANT_CONVERSION = YES;
				CLANG_WARN_DIRECT_OBJC_ISA_USAGE = YES_ERROR;
				CLANG_WARN_EMPTY_BODY = YES;
				CLANG_WARN_ENUM_CONVERSION = YES;
				CLANG_WARN_INT_CONVERSION = YES;
				CLANG_WARN_OBJC_ROOT_CLASS = YES_ERROR;
				CLANG_WARN_UNREACHABLE_CODE = YES;
				CLANG_WARN__DUPLICATE_METHOD_MATCH = YES;
				"CODE_SIGN_IDENTITY[sdk=iphoneos*]" = "iPhone Developer";
				COPY_PHASE_STRIP = NO;
				DEBUG_INFORMATION_FORMAT = dwarf;
				ENABLE_STRICT_OBJC_MSGSEND = YES;
				ENABLE_TESTABILITY = YES;
				GCC_C_LANGUAGE_STANDARD = gnu99;
				GCC_DYNAMIC_NO_PIC = NO;
				GCC_NO_COMMON_BLOCKS = YES;
				GCC_OPTIMIZATION_LEVEL = 0;
				GCC_PREPROCESSOR_DEFINITIONS = (
					"DEBUG=1",
					"$(inherited)",
				);
				GCC_WARN_64_TO_32_BIT_CONVERSION = YES;
				GCC_WARN_ABOUT_RETURN_TYPE = YES_ERROR;
				GCC_WARN_UNDECLARED_SELECTOR = YES;
				GCC_WARN_UNINITIALIZED_AUTOS = YES_AGGRESSIVE;
				GCC_WARN_UNUSED_FUNCTION = YES;
				GCC_WARN_UNUSED_VARIABLE = YES;
				IPHONEOS_DEPLOYMENT_TARGET = 9.2;
				MTL_ENABLE_DEBUG_INFO = YES;
				ONLY_ACTIVE_ARCH = YES;
				SDKROOT = iphoneos;
				SWIFT_OPTIMIZATION_LEVEL = "-Onone";
			};
			name = Debug;
		};
		9FEB04281C96FFBB0068A507 /* Release */ = {
			isa = XCBuildConfiguration;
			buildSettings = {
				ALWAYS_SEARCH_USER_PATHS = NO;
				CLANG_CXX_LANGUAGE_STANDARD = "gnu++0x";
				CLANG_CXX_LIBRARY = "libc++";
				CLANG_ENABLE_MODULES = YES;
				CLANG_ENABLE_OBJC_ARC = YES;
				CLANG_WARN_BOOL_CONVERSION = YES;
				CLANG_WARN_CONSTANT_CONVERSION = YES;
				CLANG_WARN_DIRECT_OBJC_ISA_USAGE = YES_ERROR;
				CLANG_WARN_EMPTY_BODY = YES;
				CLANG_WARN_ENUM_CONVERSION = YES;
				CLANG_WARN_INT_CONVERSION = YES;
				CLANG_WARN_OBJC_ROOT_CLASS = YES_ERROR;
				CLANG_WARN_UNREACHABLE_CODE = YES;
				CLANG_WARN__DUPLICATE_METHOD_MATCH = YES;
				"CODE_SIGN_IDENTITY[sdk=iphoneos*]" = "iPhone Developer";
				COPY_PHASE_STRIP = NO;
				DEBUG_INFORMATION_FORMAT = "dwarf-with-dsym";
				ENABLE_NS_ASSERTIONS = NO;
				ENABLE_STRICT_OBJC_MSGSEND = YES;
				GCC_C_LANGUAGE_STANDARD = gnu99;
				GCC_NO_COMMON_BLOCKS = YES;
				GCC_WARN_64_TO_32_BIT_CONVERSION = YES;
				GCC_WARN_ABOUT_RETURN_TYPE = YES_ERROR;
				GCC_WARN_UNDECLARED_SELECTOR = YES;
				GCC_WARN_UNINITIALIZED_AUTOS = YES_AGGRESSIVE;
				GCC_WARN_UNUSED_FUNCTION = YES;
				GCC_WARN_UNUSED_VARIABLE = YES;
				IPHONEOS_DEPLOYMENT_TARGET = 9.2;
				MTL_ENABLE_DEBUG_INFO = NO;
				SDKROOT = iphoneos;
				VALIDATE_PRODUCT = YES;
			};
			name = Release;
		};
		9FEB042A1C96FFBB0068A507 /* Debug */ = {
			isa = XCBuildConfiguration;
			buildSettings = {
				ASSETCATALOG_COMPILER_APPICON_NAME = AppIcon;
				INFOPLIST_FILE = "JLNotificationBanner-Swift/Info.plist";
				LD_RUNPATH_SEARCH_PATHS = "$(inherited) @executable_path/Frameworks";
				PRODUCT_BUNDLE_IDENTIFIER = "com.jlasante.JLNotificationBanner-Swift";
				PRODUCT_NAME = "$(TARGET_NAME)";
			};
			name = Debug;
		};
		9FEB042B1C96FFBB0068A507 /* Release */ = {
			isa = XCBuildConfiguration;
			buildSettings = {
				ASSETCATALOG_COMPILER_APPICON_NAME = AppIcon;
				INFOPLIST_FILE = "JLNotificationBanner-Swift/Info.plist";
				LD_RUNPATH_SEARCH_PATHS = "$(inherited) @executable_path/Frameworks";
				PRODUCT_BUNDLE_IDENTIFIER = "com.jlasante.JLNotificationBanner-Swift";
				PRODUCT_NAME = "$(TARGET_NAME)";
			};
			name = Release;
		};
/* End XCBuildConfiguration section */

/* Begin XCConfigurationList section */
		9FEB04121C96FFBB0068A507 /* Build configuration list for PBXProject "JLNotificationBanner-Swift" */ = {
			isa = XCConfigurationList;
			buildConfigurations = (
				9FEB04271C96FFBB0068A507 /* Debug */,
				9FEB04281C96FFBB0068A507 /* Release */,
			);
			defaultConfigurationIsVisible = 0;
			defaultConfigurationName = Release;
		};
		9FEB04291C96FFBB0068A507 /* Build configuration list for PBXNativeTarget "JLNotificationBanner-Swift" */ = {
			isa = XCConfigurationList;
			buildConfigurations = (
				9FEB042A1C96FFBB0068A507 /* Debug */,
				9FEB042B1C96FFBB0068A507 /* Release */,
			);
			defaultConfigurationIsVisible = 0;
		};
/* End XCConfigurationList section */
	};
	rootObject = 9FEB040F1C96FFBB0068A507 /* Project object */;
}
